838ed9585eddabf03ab44fb3d3a8d5571363e34fb78aa7cb446127b21d860efa  lib/vani.cyr
814d242a952578858560d69b4f73ef826db062176d5caaad9874c395a23d8ca0  lib/bsp.cyr
a88dafc8134b6da42ad278cc63d2fa6fc62a382c9743e7455657c712384794ab  lib/yukti.cyr
8f1c066092774c3cc204ae56723b1ddc9d632a8622a5741b1a909a6f18ec30f4  lib/patra.cyr
6d2e67cd184fb5b94adaad518b69768706de84fc150d73b0722c630114396876  lib/sakshi.cyr
