74000d1752e06839e7476345d2750ce5ce714bf449695c1da84cf6abf3bf9ac0  lib/vani-core.cyr
8ae89a9ea1df07ee3f515e43b7ee278d8b0afb083b82f4df16918422b943a9c4  lib/bsp.cyr
57a6362b9f414348afb578bd0b24d2f5a70b059a241f4a54a010eb77d29d84e9  lib/yukti.cyr
41b26e710b31866ab1633cc40736709d9f882e3abe0bfefd994177c0d6870937  lib/patra.cyr
30eaa438ad0026a2efcfbbfd5ea54ac767dda34ade572ada8e72bd34f1e3369b  lib/sakshi.cyr
